// !$*UTF8*$!
{
	archiveVersion = 1;
	classes = {
	};
	objectVersion = 46;
	objects = {

/* Begin PBXBuildFile section */
		593B3DCA1F276991006CA256 /* CollectionExtensions.swift in Sources */ = {isa = PBXBuildFile; fileRef = 593B3DC91F276991006CA256 /* CollectionExtensions.swift */; };
		OBJ_100 /* Context.swift in Sources */ = {isa = PBXBuildFile; fileRef = OBJ_79 /* Context.swift */; };
		OBJ_101 /* Expectation.swift in Sources */ = {isa = PBXBuildFile; fileRef = OBJ_80 /* Expectation.swift */; };
		OBJ_102 /* Failure.swift in Sources */ = {isa = PBXBuildFile; fileRef = OBJ_81 /* Failure.swift */; };
		OBJ_103 /* Global.swift in Sources */ = {isa = PBXBuildFile; fileRef = OBJ_82 /* Global.swift */; };
		OBJ_104 /* GlobalContext.swift in Sources */ = {isa = PBXBuildFile; fileRef = OBJ_83 /* GlobalContext.swift */; };
		OBJ_105 /* Reporter.swift in Sources */ = {isa = PBXBuildFile; fileRef = OBJ_84 /* Reporter.swift */; };
		OBJ_106 /* Reporters.swift in Sources */ = {isa = PBXBuildFile; fileRef = OBJ_85 /* Reporters.swift */; };
		OBJ_113 /* ArgumentConvertible.swift in Sources */ = {isa = PBXBuildFile; fileRef = OBJ_68 /* ArgumentConvertible.swift */; };
		OBJ_114 /* ArgumentDescription.swift in Sources */ = {isa = PBXBuildFile; fileRef = OBJ_69 /* ArgumentDescription.swift */; };
		OBJ_115 /* ArgumentParser.swift in Sources */ = {isa = PBXBuildFile; fileRef = OBJ_70 /* ArgumentParser.swift */; };
		OBJ_116 /* Command.swift in Sources */ = {isa = PBXBuildFile; fileRef = OBJ_71 /* Command.swift */; };
		OBJ_117 /* CommandRunner.swift in Sources */ = {isa = PBXBuildFile; fileRef = OBJ_72 /* CommandRunner.swift */; };
		OBJ_118 /* Commands.swift in Sources */ = {isa = PBXBuildFile; fileRef = OBJ_73 /* Commands.swift */; };
		OBJ_119 /* CommandType.swift in Sources */ = {isa = PBXBuildFile; fileRef = OBJ_74 /* CommandType.swift */; };
		OBJ_120 /* Error.swift in Sources */ = {isa = PBXBuildFile; fileRef = OBJ_75 /* Error.swift */; };
		OBJ_121 /* Group.swift in Sources */ = {isa = PBXBuildFile; fileRef = OBJ_76 /* Group.swift */; };
		OBJ_123 /* Spectre.framework in Frameworks */ = {isa = PBXBuildFile; fileRef = OBJ_87 /* Spectre.framework */; };
		OBJ_130 /* Yaml.swift in Sources */ = {isa = PBXBuildFile; fileRef = OBJ_61 /* Yaml.swift */; };
		OBJ_131 /* YAMLOperators.swift in Sources */ = {isa = PBXBuildFile; fileRef = OBJ_62 /* YAMLOperators.swift */; };
		OBJ_132 /* YAMLParser.swift in Sources */ = {isa = PBXBuildFile; fileRef = OBJ_63 /* YAMLParser.swift */; };
		OBJ_133 /* YAMLRegex.swift in Sources */ = {isa = PBXBuildFile; fileRef = OBJ_64 /* YAMLRegex.swift */; };
		OBJ_134 /* YAMLResult.swift in Sources */ = {isa = PBXBuildFile; fileRef = OBJ_65 /* YAMLResult.swift */; };
		OBJ_135 /* YAMLTokenizer.swift in Sources */ = {isa = PBXBuildFile; fileRef = OBJ_66 /* YAMLTokenizer.swift */; };
		OBJ_142 /* PathKit.swift in Sources */ = {isa = PBXBuildFile; fileRef = OBJ_58 /* PathKit.swift */; };
		OBJ_144 /* Spectre.framework in Frameworks */ = {isa = PBXBuildFile; fileRef = OBJ_87 /* Spectre.framework */; };
		OBJ_151 /* Annotation.swift in Sources */ = {isa = PBXBuildFile; fileRef = OBJ_20 /* Annotation.swift */; };
		OBJ_152 /* AnnotationType.swift in Sources */ = {isa = PBXBuildFile; fileRef = OBJ_21 /* AnnotationType.swift */; };
		OBJ_153 /* AnnotationTypeProperty.swift in Sources */ = {isa = PBXBuildFile; fileRef = OBJ_22 /* AnnotationTypeProperty.swift */; };
		OBJ_154 /* BaseURI.swift in Sources */ = {isa = PBXBuildFile; fileRef = OBJ_23 /* BaseURI.swift */; };
		OBJ_155 /* Body.swift in Sources */ = {isa = PBXBuildFile; fileRef = OBJ_24 /* Body.swift */; };
		OBJ_156 /* BodyMediaType.swift in Sources */ = {isa = PBXBuildFile; fileRef = OBJ_25 /* BodyMediaType.swift */; };
		OBJ_157 /* CollectionExtensions.swift in Sources */ = {isa = PBXBuildFile; fileRef = OBJ_26 /* CollectionExtensions.swift */; };
		OBJ_158 /* DataType.swift in Sources */ = {isa = PBXBuildFile; fileRef = OBJ_27 /* DataType.swift */; };
		OBJ_159 /* DocumentationEntry.swift in Sources */ = {isa = PBXBuildFile; fileRef = OBJ_28 /* DocumentationEntry.swift */; };
		OBJ_160 /* Example.swift in Sources */ = {isa = PBXBuildFile; fileRef = OBJ_29 /* Example.swift */; };
		OBJ_161 /* Header.swift in Sources */ = {isa = PBXBuildFile; fileRef = OBJ_30 /* Header.swift */; };
		OBJ_162 /* Library.swift in Sources */ = {isa = PBXBuildFile; fileRef = OBJ_31 /* Library.swift */; };
		OBJ_163 /* MediaType.swift in Sources */ = {isa = PBXBuildFile; fileRef = OBJ_32 /* MediaType.swift */; };
		OBJ_164 /* MethodResponse.swift in Sources */ = {isa = PBXBuildFile; fileRef = OBJ_33 /* MethodResponse.swift */; };
		OBJ_165 /* Property.swift in Sources */ = {isa = PBXBuildFile; fileRef = OBJ_34 /* Property.swift */; };
		OBJ_166 /* PropertyRestrictions.swift in Sources */ = {isa = PBXBuildFile; fileRef = OBJ_35 /* PropertyRestrictions.swift */; };
		OBJ_167 /* Protocols.swift in Sources */ = {isa = PBXBuildFile; fileRef = OBJ_36 /* Protocols.swift */; };
		OBJ_168 /* QueryString.swift in Sources */ = {isa = PBXBuildFile; fileRef = OBJ_37 /* QueryString.swift */; };
		OBJ_169 /* RAML+Include.swift in Sources */ = {isa = PBXBuildFile; fileRef = OBJ_38 /* RAML+Include.swift */; };
		OBJ_170 /* RAML+LoadFromString.swift in Sources */ = {isa = PBXBuildFile; fileRef = OBJ_39 /* RAML+LoadFromString.swift */; };
		OBJ_171 /* RAML+Resources.swift in Sources */ = {isa = PBXBuildFile; fileRef = OBJ_40 /* RAML+Resources.swift */; };
		OBJ_172 /* RAML.swift in Sources */ = {isa = PBXBuildFile; fileRef = OBJ_41 /* RAML.swift */; };
		OBJ_173 /* RAMLError.swift in Sources */ = {isa = PBXBuildFile; fileRef = OBJ_42 /* RAMLError.swift */; };
		OBJ_174 /* Resource.swift in Sources */ = {isa = PBXBuildFile; fileRef = OBJ_43 /* Resource.swift */; };
		OBJ_175 /* ResourceMethod.swift in Sources */ = {isa = PBXBuildFile; fileRef = OBJ_44 /* ResourceMethod.swift */; };
		OBJ_176 /* ResourceType.swift in Sources */ = {isa = PBXBuildFile; fileRef = OBJ_45 /* ResourceType.swift */; };
		OBJ_177 /* ResourceTypeUsage.swift in Sources */ = {isa = PBXBuildFile; fileRef = OBJ_46 /* ResourceTypeUsage.swift */; };
		OBJ_178 /* SecurityScheme.swift in Sources */ = {isa = PBXBuildFile; fileRef = OBJ_47 /* SecurityScheme.swift */; };
		OBJ_179 /* SecuritySchemeDescription.swift in Sources */ = {isa = PBXBuildFile; fileRef = OBJ_48 /* SecuritySchemeDescription.swift */; };
		OBJ_180 /* SecuritySchemeSettings.swift in Sources */ = {isa = PBXBuildFile; fileRef = OBJ_49 /* SecuritySchemeSettings.swift */; };
		OBJ_181 /* SecuritySchemeUsage.swift in Sources */ = {isa = PBXBuildFile; fileRef = OBJ_50 /* SecuritySchemeUsage.swift */; };
		OBJ_182 /* StringEnum.swift in Sources */ = {isa = PBXBuildFile; fileRef = OBJ_51 /* StringEnum.swift */; };
		OBJ_183 /* TraitDefiniton.swift in Sources */ = {isa = PBXBuildFile; fileRef = OBJ_52 /* TraitDefiniton.swift */; };
		OBJ_184 /* TraitUsage.swift in Sources */ = {isa = PBXBuildFile; fileRef = OBJ_53 /* TraitUsage.swift */; };
		OBJ_185 /* Type.swift in Sources */ = {isa = PBXBuildFile; fileRef = OBJ_54 /* Type.swift */; };
		OBJ_186 /* URIParameter.swift in Sources */ = {isa = PBXBuildFile; fileRef = OBJ_55 /* URIParameter.swift */; };
		OBJ_187 /* YamlExtenstions.swift in Sources */ = {isa = PBXBuildFile; fileRef = OBJ_56 /* YamlExtenstions.swift */; };
		OBJ_189 /* Yaml.framework in Frameworks */ = {isa = PBXBuildFile; fileRef = OBJ_89 /* Yaml.framework */; };
		OBJ_190 /* Spectre.framework in Frameworks */ = {isa = PBXBuildFile; fileRef = OBJ_87 /* Spectre.framework */; };
		OBJ_191 /* PathKit.framework in Frameworks */ = {isa = PBXBuildFile; fileRef = OBJ_90 /* PathKit.framework */; };
		OBJ_200 /* TextTable.swift in Sources */ = {isa = PBXBuildFile; fileRef = OBJ_18 /* TextTable.swift */; };
		OBJ_207 /* CommandGroup.swift in Sources */ = {isa = PBXBuildFile; fileRef = OBJ_8 /* CommandGroup.swift */; };
		OBJ_208 /* FileFinder.swift in Sources */ = {isa = PBXBuildFile; fileRef = OBJ_9 /* FileFinder.swift */; };
		OBJ_209 /* main.swift in Sources */ = {isa = PBXBuildFile; fileRef = OBJ_10 /* main.swift */; };
		OBJ_210 /* PrintRoutes.swift in Sources */ = {isa = PBXBuildFile; fileRef = OBJ_11 /* PrintRoutes.swift */; };
		OBJ_211 /* PrintTypes.swift in Sources */ = {isa = PBXBuildFile; fileRef = OBJ_12 /* PrintTypes.swift */; };
		OBJ_213 /* Spectre.framework in Frameworks */ = {isa = PBXBuildFile; fileRef = OBJ_87 /* Spectre.framework */; };
		OBJ_214 /* Commander.framework in Frameworks */ = {isa = PBXBuildFile; fileRef = OBJ_88 /* Commander.framework */; };
		OBJ_215 /* Yaml.framework in Frameworks */ = {isa = PBXBuildFile; fileRef = OBJ_89 /* Yaml.framework */; };
		OBJ_216 /* PathKit.framework in Frameworks */ = {isa = PBXBuildFile; fileRef = OBJ_90 /* PathKit.framework */; };
		OBJ_217 /* RAML.framework in Frameworks */ = {isa = PBXBuildFile; fileRef = OBJ_91 /* RAML.framework */; };
		OBJ_218 /* SwiftyTextTable.framework in Frameworks */ = {isa = PBXBuildFile; fileRef = OBJ_92 /* SwiftyTextTable.framework */; };
		OBJ_99 /* Case.swift in Sources */ = {isa = PBXBuildFile; fileRef = OBJ_78 /* Case.swift */; };
/* End PBXBuildFile section */

/* Begin PBXContainerItemProxy section */
		593B3DBE1F274E8B006CA256 /* PBXContainerItemProxy */ = {
			isa = PBXContainerItemProxy;
			containerPortal = OBJ_1 /* Project object */;
			proxyType = 1;
			remoteGlobalIDString = OBJ_94;
			remoteInfo = Spectre;
		};
		593B3DBF1F274E8B006CA256 /* PBXContainerItemProxy */ = {
			isa = PBXContainerItemProxy;
			containerPortal = OBJ_1 /* Project object */;
			proxyType = 1;
			remoteGlobalIDString = OBJ_94;
			remoteInfo = Spectre;
		};
		593B3DC01F274E8B006CA256 /* PBXContainerItemProxy */ = {
			isa = PBXContainerItemProxy;
			containerPortal = OBJ_1 /* Project object */;
			proxyType = 1;
			remoteGlobalIDString = OBJ_125;
			remoteInfo = Yaml;
		};
		593B3DC11F274E8B006CA256 /* PBXContainerItemProxy */ = {
			isa = PBXContainerItemProxy;
			containerPortal = OBJ_1 /* Project object */;
			proxyType = 1;
			remoteGlobalIDString = OBJ_94;
			remoteInfo = Spectre;
		};
		593B3DC21F274E8B006CA256 /* PBXContainerItemProxy */ = {
			isa = PBXContainerItemProxy;
			containerPortal = OBJ_1 /* Project object */;
			proxyType = 1;
			remoteGlobalIDString = OBJ_137;
			remoteInfo = PathKit;
		};
		593B3DC31F274E8B006CA256 /* PBXContainerItemProxy */ = {
			isa = PBXContainerItemProxy;
			containerPortal = OBJ_1 /* Project object */;
			proxyType = 1;
			remoteGlobalIDString = OBJ_94;
			remoteInfo = Spectre;
		};
		593B3DC41F274E8B006CA256 /* PBXContainerItemProxy */ = {
			isa = PBXContainerItemProxy;
			containerPortal = OBJ_1 /* Project object */;
			proxyType = 1;
			remoteGlobalIDString = OBJ_108;
			remoteInfo = Commander;
		};
		593B3DC51F274E8B006CA256 /* PBXContainerItemProxy */ = {
			isa = PBXContainerItemProxy;
			containerPortal = OBJ_1 /* Project object */;
			proxyType = 1;
			remoteGlobalIDString = OBJ_125;
			remoteInfo = Yaml;
		};
		593B3DC61F274E8B006CA256 /* PBXContainerItemProxy */ = {
			isa = PBXContainerItemProxy;
			containerPortal = OBJ_1 /* Project object */;
			proxyType = 1;
			remoteGlobalIDString = OBJ_137;
			remoteInfo = PathKit;
		};
		593B3DC71F274E8B006CA256 /* PBXContainerItemProxy */ = {
			isa = PBXContainerItemProxy;
			containerPortal = OBJ_1 /* Project object */;
			proxyType = 1;
			remoteGlobalIDString = OBJ_146;
			remoteInfo = RAML;
		};
		593B3DC81F274E8B006CA256 /* PBXContainerItemProxy */ = {
			isa = PBXContainerItemProxy;
			containerPortal = OBJ_1 /* Project object */;
			proxyType = 1;
			remoteGlobalIDString = OBJ_195;
			remoteInfo = SwiftyTextTable;
		};
/* End PBXContainerItemProxy section */

/* Begin PBXFileReference section */
		593B3DC91F276991006CA256 /* CollectionExtensions.swift */ = {isa = PBXFileReference; lastKnownFileType = sourcecode.swift; path = CollectionExtensions.swift; sourceTree = "<group>"; };
		OBJ_10 /* main.swift */ = {isa = PBXFileReference; lastKnownFileType = sourcecode.swift; path = main.swift; sourceTree = "<group>"; };
		OBJ_11 /* PrintRoutes.swift */ = {isa = PBXFileReference; lastKnownFileType = sourcecode.swift; path = PrintRoutes.swift; sourceTree = "<group>"; };
		OBJ_12 /* PrintTypes.swift */ = {isa = PBXFileReference; lastKnownFileType = sourcecode.swift; path = PrintTypes.swift; sourceTree = "<group>"; };
		OBJ_14 /* Testdata */ = {isa = PBXFileReference; lastKnownFileType = folder; path = Testdata; sourceTree = SOURCE_ROOT; };
		OBJ_18 /* TextTable.swift */ = {isa = PBXFileReference; lastKnownFileType = sourcecode.swift; path = TextTable.swift; sourceTree = "<group>"; };
		OBJ_20 /* Annotation.swift */ = {isa = PBXFileReference; lastKnownFileType = sourcecode.swift; path = Annotation.swift; sourceTree = "<group>"; };
		OBJ_21 /* AnnotationType.swift */ = {isa = PBXFileReference; lastKnownFileType = sourcecode.swift; path = AnnotationType.swift; sourceTree = "<group>"; };
		OBJ_22 /* AnnotationTypeProperty.swift */ = {isa = PBXFileReference; lastKnownFileType = sourcecode.swift; path = AnnotationTypeProperty.swift; sourceTree = "<group>"; };
		OBJ_23 /* BaseURI.swift */ = {isa = PBXFileReference; lastKnownFileType = sourcecode.swift; path = BaseURI.swift; sourceTree = "<group>"; };
		OBJ_24 /* Body.swift */ = {isa = PBXFileReference; lastKnownFileType = sourcecode.swift; path = Body.swift; sourceTree = "<group>"; };
		OBJ_25 /* BodyMediaType.swift */ = {isa = PBXFileReference; lastKnownFileType = sourcecode.swift; path = BodyMediaType.swift; sourceTree = "<group>"; };
		OBJ_26 /* CollectionExtensions.swift */ = {isa = PBXFileReference; lastKnownFileType = sourcecode.swift; path = CollectionExtensions.swift; sourceTree = "<group>"; };
		OBJ_27 /* DataType.swift */ = {isa = PBXFileReference; lastKnownFileType = sourcecode.swift; path = DataType.swift; sourceTree = "<group>"; };
		OBJ_28 /* DocumentationEntry.swift */ = {isa = PBXFileReference; lastKnownFileType = sourcecode.swift; path = DocumentationEntry.swift; sourceTree = "<group>"; };
		OBJ_29 /* Example.swift */ = {isa = PBXFileReference; lastKnownFileType = sourcecode.swift; path = Example.swift; sourceTree = "<group>"; };
		OBJ_30 /* Header.swift */ = {isa = PBXFileReference; lastKnownFileType = sourcecode.swift; path = Header.swift; sourceTree = "<group>"; };
		OBJ_31 /* Library.swift */ = {isa = PBXFileReference; lastKnownFileType = sourcecode.swift; path = Library.swift; sourceTree = "<group>"; };
		OBJ_32 /* MediaType.swift */ = {isa = PBXFileReference; lastKnownFileType = sourcecode.swift; path = MediaType.swift; sourceTree = "<group>"; };
		OBJ_33 /* MethodResponse.swift */ = {isa = PBXFileReference; lastKnownFileType = sourcecode.swift; path = MethodResponse.swift; sourceTree = "<group>"; };
		OBJ_34 /* Property.swift */ = {isa = PBXFileReference; lastKnownFileType = sourcecode.swift; path = Property.swift; sourceTree = "<group>"; };
		OBJ_35 /* PropertyRestrictions.swift */ = {isa = PBXFileReference; lastKnownFileType = sourcecode.swift; path = PropertyRestrictions.swift; sourceTree = "<group>"; };
		OBJ_36 /* Protocols.swift */ = {isa = PBXFileReference; lastKnownFileType = sourcecode.swift; path = Protocols.swift; sourceTree = "<group>"; };
		OBJ_37 /* QueryString.swift */ = {isa = PBXFileReference; lastKnownFileType = sourcecode.swift; path = QueryString.swift; sourceTree = "<group>"; };
		OBJ_38 /* RAML+Include.swift */ = {isa = PBXFileReference; lastKnownFileType = sourcecode.swift; path = "RAML+Include.swift"; sourceTree = "<group>"; };
		OBJ_39 /* RAML+LoadFromString.swift */ = {isa = PBXFileReference; lastKnownFileType = sourcecode.swift; path = "RAML+LoadFromString.swift"; sourceTree = "<group>"; };
		OBJ_40 /* RAML+Resources.swift */ = {isa = PBXFileReference; lastKnownFileType = sourcecode.swift; path = "RAML+Resources.swift"; sourceTree = "<group>"; };
		OBJ_41 /* RAML.swift */ = {isa = PBXFileReference; lastKnownFileType = sourcecode.swift; path = RAML.swift; sourceTree = "<group>"; };
		OBJ_42 /* RAMLError.swift */ = {isa = PBXFileReference; lastKnownFileType = sourcecode.swift; path = RAMLError.swift; sourceTree = "<group>"; };
		OBJ_43 /* Resource.swift */ = {isa = PBXFileReference; lastKnownFileType = sourcecode.swift; path = Resource.swift; sourceTree = "<group>"; };
		OBJ_44 /* ResourceMethod.swift */ = {isa = PBXFileReference; lastKnownFileType = sourcecode.swift; path = ResourceMethod.swift; sourceTree = "<group>"; };
		OBJ_45 /* ResourceType.swift */ = {isa = PBXFileReference; lastKnownFileType = sourcecode.swift; path = ResourceType.swift; sourceTree = "<group>"; };
		OBJ_46 /* ResourceTypeUsage.swift */ = {isa = PBXFileReference; lastKnownFileType = sourcecode.swift; path = ResourceTypeUsage.swift; sourceTree = "<group>"; };
		OBJ_47 /* SecurityScheme.swift */ = {isa = PBXFileReference; lastKnownFileType = sourcecode.swift; path = SecurityScheme.swift; sourceTree = "<group>"; };
		OBJ_48 /* SecuritySchemeDescription.swift */ = {isa = PBXFileReference; lastKnownFileType = sourcecode.swift; path = SecuritySchemeDescription.swift; sourceTree = "<group>"; };
		OBJ_49 /* SecuritySchemeSettings.swift */ = {isa = PBXFileReference; lastKnownFileType = sourcecode.swift; path = SecuritySchemeSettings.swift; sourceTree = "<group>"; };
		OBJ_50 /* SecuritySchemeUsage.swift */ = {isa = PBXFileReference; lastKnownFileType = sourcecode.swift; path = SecuritySchemeUsage.swift; sourceTree = "<group>"; };
		OBJ_51 /* StringEnum.swift */ = {isa = PBXFileReference; lastKnownFileType = sourcecode.swift; path = StringEnum.swift; sourceTree = "<group>"; };
		OBJ_52 /* TraitDefiniton.swift */ = {isa = PBXFileReference; lastKnownFileType = sourcecode.swift; path = TraitDefiniton.swift; sourceTree = "<group>"; };
		OBJ_53 /* TraitUsage.swift */ = {isa = PBXFileReference; lastKnownFileType = sourcecode.swift; path = TraitUsage.swift; sourceTree = "<group>"; };
		OBJ_54 /* Type.swift */ = {isa = PBXFileReference; lastKnownFileType = sourcecode.swift; path = Type.swift; sourceTree = "<group>"; };
		OBJ_55 /* URIParameter.swift */ = {isa = PBXFileReference; lastKnownFileType = sourcecode.swift; path = URIParameter.swift; sourceTree = "<group>"; };
		OBJ_56 /* YamlExtenstions.swift */ = {isa = PBXFileReference; lastKnownFileType = sourcecode.swift; path = YamlExtenstions.swift; sourceTree = "<group>"; };
		OBJ_58 /* PathKit.swift */ = {isa = PBXFileReference; lastKnownFileType = sourcecode.swift; path = PathKit.swift; sourceTree = "<group>"; };
		OBJ_6 /* Package.swift */ = {isa = PBXFileReference; explicitFileType = sourcecode.swift; path = Package.swift; sourceTree = "<group>"; };
		OBJ_61 /* Yaml.swift */ = {isa = PBXFileReference; lastKnownFileType = sourcecode.swift; path = Yaml.swift; sourceTree = "<group>"; };
		OBJ_62 /* YAMLOperators.swift */ = {isa = PBXFileReference; lastKnownFileType = sourcecode.swift; path = YAMLOperators.swift; sourceTree = "<group>"; };
		OBJ_63 /* YAMLParser.swift */ = {isa = PBXFileReference; lastKnownFileType = sourcecode.swift; path = YAMLParser.swift; sourceTree = "<group>"; };
		OBJ_64 /* YAMLRegex.swift */ = {isa = PBXFileReference; lastKnownFileType = sourcecode.swift; path = YAMLRegex.swift; sourceTree = "<group>"; };
		OBJ_65 /* YAMLResult.swift */ = {isa = PBXFileReference; lastKnownFileType = sourcecode.swift; path = YAMLResult.swift; sourceTree = "<group>"; };
		OBJ_66 /* YAMLTokenizer.swift */ = {isa = PBXFileReference; lastKnownFileType = sourcecode.swift; path = YAMLTokenizer.swift; sourceTree = "<group>"; };
		OBJ_68 /* ArgumentConvertible.swift */ = {isa = PBXFileReference; lastKnownFileType = sourcecode.swift; path = ArgumentConvertible.swift; sourceTree = "<group>"; };
		OBJ_69 /* ArgumentDescription.swift */ = {isa = PBXFileReference; lastKnownFileType = sourcecode.swift; path = ArgumentDescription.swift; sourceTree = "<group>"; };
		OBJ_70 /* ArgumentParser.swift */ = {isa = PBXFileReference; lastKnownFileType = sourcecode.swift; path = ArgumentParser.swift; sourceTree = "<group>"; };
		OBJ_71 /* Command.swift */ = {isa = PBXFileReference; lastKnownFileType = sourcecode.swift; path = Command.swift; sourceTree = "<group>"; };
		OBJ_72 /* CommandRunner.swift */ = {isa = PBXFileReference; lastKnownFileType = sourcecode.swift; path = CommandRunner.swift; sourceTree = "<group>"; };
		OBJ_73 /* Commands.swift */ = {isa = PBXFileReference; lastKnownFileType = sourcecode.swift; path = Commands.swift; sourceTree = "<group>"; };
		OBJ_74 /* CommandType.swift */ = {isa = PBXFileReference; lastKnownFileType = sourcecode.swift; path = CommandType.swift; sourceTree = "<group>"; };
		OBJ_75 /* Error.swift */ = {isa = PBXFileReference; lastKnownFileType = sourcecode.swift; path = Error.swift; sourceTree = "<group>"; };
		OBJ_76 /* Group.swift */ = {isa = PBXFileReference; lastKnownFileType = sourcecode.swift; path = Group.swift; sourceTree = "<group>"; };
		OBJ_78 /* Case.swift */ = {isa = PBXFileReference; lastKnownFileType = sourcecode.swift; path = Case.swift; sourceTree = "<group>"; };
		OBJ_79 /* Context.swift */ = {isa = PBXFileReference; lastKnownFileType = sourcecode.swift; path = Context.swift; sourceTree = "<group>"; };
		OBJ_8 /* CommandGroup.swift */ = {isa = PBXFileReference; lastKnownFileType = sourcecode.swift; path = CommandGroup.swift; sourceTree = "<group>"; };
		OBJ_80 /* Expectation.swift */ = {isa = PBXFileReference; lastKnownFileType = sourcecode.swift; path = Expectation.swift; sourceTree = "<group>"; };
		OBJ_81 /* Failure.swift */ = {isa = PBXFileReference; lastKnownFileType = sourcecode.swift; path = Failure.swift; sourceTree = "<group>"; };
		OBJ_82 /* Global.swift */ = {isa = PBXFileReference; lastKnownFileType = sourcecode.swift; path = Global.swift; sourceTree = "<group>"; };
		OBJ_83 /* GlobalContext.swift */ = {isa = PBXFileReference; lastKnownFileType = sourcecode.swift; path = GlobalContext.swift; sourceTree = "<group>"; };
		OBJ_84 /* Reporter.swift */ = {isa = PBXFileReference; lastKnownFileType = sourcecode.swift; path = Reporter.swift; sourceTree = "<group>"; };
		OBJ_85 /* Reporters.swift */ = {isa = PBXFileReference; lastKnownFileType = sourcecode.swift; path = Reporters.swift; sourceTree = "<group>"; };
		OBJ_87 /* Spectre.framework */ = {isa = PBXFileReference; explicitFileType = wrapper.framework; path = Spectre.framework; sourceTree = BUILT_PRODUCTS_DIR; };
		OBJ_88 /* Commander.framework */ = {isa = PBXFileReference; explicitFileType = wrapper.framework; path = Commander.framework; sourceTree = BUILT_PRODUCTS_DIR; };
		OBJ_89 /* Yaml.framework */ = {isa = PBXFileReference; explicitFileType = wrapper.framework; path = Yaml.framework; sourceTree = BUILT_PRODUCTS_DIR; };
		OBJ_9 /* FileFinder.swift */ = {isa = PBXFileReference; lastKnownFileType = sourcecode.swift; path = FileFinder.swift; sourceTree = "<group>"; };
		OBJ_90 /* PathKit.framework */ = {isa = PBXFileReference; explicitFileType = wrapper.framework; path = PathKit.framework; sourceTree = BUILT_PRODUCTS_DIR; };
		OBJ_91 /* RAML.framework */ = {isa = PBXFileReference; explicitFileType = wrapper.framework; path = RAML.framework; sourceTree = BUILT_PRODUCTS_DIR; };
		OBJ_92 /* SwiftyTextTable.framework */ = {isa = PBXFileReference; explicitFileType = wrapper.framework; path = SwiftyTextTable.framework; sourceTree = BUILT_PRODUCTS_DIR; };
		OBJ_93 /* RAML-Swift-CLI */ = {isa = PBXFileReference; lastKnownFileType = text; path = "RAML-Swift-CLI"; sourceTree = BUILT_PRODUCTS_DIR; };
/* End PBXFileReference section */

/* Begin PBXFrameworksBuildPhase section */
		OBJ_107 /* Frameworks */ = {
			isa = PBXFrameworksBuildPhase;
			buildActionMask = 0;
			files = (
			);
			runOnlyForDeploymentPostprocessing = 0;
		};
		OBJ_122 /* Frameworks */ = {
			isa = PBXFrameworksBuildPhase;
			buildActionMask = 0;
			files = (
				OBJ_123 /* Spectre.framework in Frameworks */,
			);
			runOnlyForDeploymentPostprocessing = 0;
		};
		OBJ_136 /* Frameworks */ = {
			isa = PBXFrameworksBuildPhase;
			buildActionMask = 0;
			files = (
			);
			runOnlyForDeploymentPostprocessing = 0;
		};
		OBJ_143 /* Frameworks */ = {
			isa = PBXFrameworksBuildPhase;
			buildActionMask = 0;
			files = (
				OBJ_144 /* Spectre.framework in Frameworks */,
			);
			runOnlyForDeploymentPostprocessing = 0;
		};
		OBJ_188 /* Frameworks */ = {
			isa = PBXFrameworksBuildPhase;
			buildActionMask = 0;
			files = (
				OBJ_189 /* Yaml.framework in Frameworks */,
				OBJ_190 /* Spectre.framework in Frameworks */,
				OBJ_191 /* PathKit.framework in Frameworks */,
			);
			runOnlyForDeploymentPostprocessing = 0;
		};
		OBJ_201 /* Frameworks */ = {
			isa = PBXFrameworksBuildPhase;
			buildActionMask = 0;
			files = (
			);
			runOnlyForDeploymentPostprocessing = 0;
		};
		OBJ_212 /* Frameworks */ = {
			isa = PBXFrameworksBuildPhase;
			buildActionMask = 0;
			files = (
				OBJ_213 /* Spectre.framework in Frameworks */,
				OBJ_214 /* Commander.framework in Frameworks */,
				OBJ_215 /* Yaml.framework in Frameworks */,
				OBJ_216 /* PathKit.framework in Frameworks */,
				OBJ_217 /* RAML.framework in Frameworks */,
				OBJ_218 /* SwiftyTextTable.framework in Frameworks */,
			);
			runOnlyForDeploymentPostprocessing = 0;
		};
/* End PBXFrameworksBuildPhase section */

/* Begin PBXGroup section */
		OBJ_13 /* Tests */ = {
			isa = PBXGroup;
			children = (
			);
			name = Tests;
			sourceTree = SOURCE_ROOT;
		};
		OBJ_15 /* Dependencies */ = {
			isa = PBXGroup;
			children = (
				OBJ_16 /* SwiftyTextTable 0.5.0 */,
				OBJ_19 /* RAML 0.5.0 */,
				OBJ_57 /* PathKit 0.8.0 */,
				OBJ_59 /* Yaml 3.4.0 */,
				OBJ_67 /* Commander 0.6.1 */,
				OBJ_77 /* Spectre 0.7.2 */,
			);
			name = Dependencies;
			sourceTree = "<group>";
		};
		OBJ_16 /* SwiftyTextTable 0.5.0 */ = {
			isa = PBXGroup;
			children = (
				OBJ_17 /* SwiftyTextTable */,
			);
			name = "SwiftyTextTable 0.5.0";
			sourceTree = SOURCE_ROOT;
		};
		OBJ_17 /* SwiftyTextTable */ = {
			isa = PBXGroup;
			children = (
				OBJ_18 /* TextTable.swift */,
			);
			name = SwiftyTextTable;
			path = ".build/checkouts/SwiftyTextTable.git--8973856955285341421/Source/SwiftyTextTable";
			sourceTree = SOURCE_ROOT;
		};
		OBJ_19 /* RAML 0.5.0 */ = {
			isa = PBXGroup;
			children = (
				OBJ_20 /* Annotation.swift */,
				OBJ_21 /* AnnotationType.swift */,
				OBJ_22 /* AnnotationTypeProperty.swift */,
				OBJ_23 /* BaseURI.swift */,
				OBJ_24 /* Body.swift */,
				OBJ_25 /* BodyMediaType.swift */,
				OBJ_26 /* CollectionExtensions.swift */,
				OBJ_27 /* DataType.swift */,
				OBJ_28 /* DocumentationEntry.swift */,
				OBJ_29 /* Example.swift */,
				OBJ_30 /* Header.swift */,
				OBJ_31 /* Library.swift */,
				OBJ_32 /* MediaType.swift */,
				OBJ_33 /* MethodResponse.swift */,
				OBJ_34 /* Property.swift */,
				OBJ_35 /* PropertyRestrictions.swift */,
				OBJ_36 /* Protocols.swift */,
				OBJ_37 /* QueryString.swift */,
				OBJ_38 /* RAML+Include.swift */,
				OBJ_39 /* RAML+LoadFromString.swift */,
				OBJ_40 /* RAML+Resources.swift */,
				OBJ_41 /* RAML.swift */,
				OBJ_42 /* RAMLError.swift */,
				OBJ_43 /* Resource.swift */,
				OBJ_44 /* ResourceMethod.swift */,
				OBJ_45 /* ResourceType.swift */,
				OBJ_46 /* ResourceTypeUsage.swift */,
				OBJ_47 /* SecurityScheme.swift */,
				OBJ_48 /* SecuritySchemeDescription.swift */,
				OBJ_49 /* SecuritySchemeSettings.swift */,
				OBJ_50 /* SecuritySchemeUsage.swift */,
				OBJ_51 /* StringEnum.swift */,
				OBJ_52 /* TraitDefiniton.swift */,
				OBJ_53 /* TraitUsage.swift */,
				OBJ_54 /* Type.swift */,
				OBJ_55 /* URIParameter.swift */,
				OBJ_56 /* YamlExtenstions.swift */,
			);
			name = "RAML 0.5.0";
			path = ".build/checkouts/RAML-Swift--6410183450303932041/Sources";
			sourceTree = SOURCE_ROOT;
		};
		OBJ_5 /*  */ = {
			isa = PBXGroup;
			children = (
				OBJ_6 /* Package.swift */,
				OBJ_7 /* Sources */,
				OBJ_13 /* Tests */,
				OBJ_14 /* Testdata */,
				OBJ_15 /* Dependencies */,
				OBJ_86 /* Products */,
			);
			name = "";
			sourceTree = "<group>";
		};
		OBJ_57 /* PathKit 0.8.0 */ = {
			isa = PBXGroup;
			children = (
				OBJ_58 /* PathKit.swift */,
			);
			name = "PathKit 0.8.0";
			path = ".build/checkouts/PathKit.git--1865447967743163058/Sources";
			sourceTree = SOURCE_ROOT;
		};
		OBJ_59 /* Yaml 3.4.0 */ = {
			isa = PBXGroup;
			children = (
				OBJ_60 /* Yaml */,
			);
			name = "Yaml 3.4.0";
			sourceTree = SOURCE_ROOT;
		};
		OBJ_60 /* Yaml */ = {
			isa = PBXGroup;
			children = (
				OBJ_61 /* Yaml.swift */,
				OBJ_62 /* YAMLOperators.swift */,
				OBJ_63 /* YAMLParser.swift */,
				OBJ_64 /* YAMLRegex.swift */,
				OBJ_65 /* YAMLResult.swift */,
				OBJ_66 /* YAMLTokenizer.swift */,
			);
			name = Yaml;
			path = ".build/checkouts/YamlSwift.git-7415335214681294347/Sources/Yaml";
			sourceTree = SOURCE_ROOT;
		};
		OBJ_67 /* Commander 0.6.1 */ = {
			isa = PBXGroup;
			children = (
				OBJ_68 /* ArgumentConvertible.swift */,
				OBJ_69 /* ArgumentDescription.swift */,
				OBJ_70 /* ArgumentParser.swift */,
				OBJ_71 /* Command.swift */,
				OBJ_72 /* CommandRunner.swift */,
				OBJ_73 /* Commands.swift */,
				OBJ_74 /* CommandType.swift */,
				OBJ_75 /* Error.swift */,
				OBJ_76 /* Group.swift */,
			);
			name = "Commander 0.6.1";
			path = ".build/checkouts/Commander.git-8842944228949165507/Sources";
			sourceTree = SOURCE_ROOT;
		};
		OBJ_7 /* Sources */ = {
			isa = PBXGroup;
			children = (
				OBJ_8 /* CommandGroup.swift */,
				OBJ_9 /* FileFinder.swift */,
				OBJ_10 /* main.swift */,
				OBJ_11 /* PrintRoutes.swift */,
				OBJ_12 /* PrintTypes.swift */,
				593B3DC91F276991006CA256 /* CollectionExtensions.swift */,
			);
			path = Sources;
			sourceTree = SOURCE_ROOT;
		};
		OBJ_77 /* Spectre 0.7.2 */ = {
			isa = PBXGroup;
			children = (
				OBJ_78 /* Case.swift */,
				OBJ_79 /* Context.swift */,
				OBJ_80 /* Expectation.swift */,
				OBJ_81 /* Failure.swift */,
				OBJ_82 /* Global.swift */,
				OBJ_83 /* GlobalContext.swift */,
				OBJ_84 /* Reporter.swift */,
				OBJ_85 /* Reporters.swift */,
			);
			name = "Spectre 0.7.2";
			path = ".build/checkouts/Spectre.git--7655155069707042687/Sources";
			sourceTree = SOURCE_ROOT;
		};
		OBJ_86 /* Products */ = {
			isa = PBXGroup;
			children = (
				OBJ_87 /* Spectre.framework */,
				OBJ_88 /* Commander.framework */,
				OBJ_89 /* Yaml.framework */,
				OBJ_90 /* PathKit.framework */,
				OBJ_91 /* RAML.framework */,
				OBJ_92 /* SwiftyTextTable.framework */,
				OBJ_93 /* RAML-Swift-CLI */,
			);
			name = Products;
			sourceTree = BUILT_PRODUCTS_DIR;
		};
/* End PBXGroup section */

/* Begin PBXNativeTarget section */
		OBJ_108 /* Commander */ = {
			isa = PBXNativeTarget;
			buildConfigurationList = OBJ_109 /* Build configuration list for PBXNativeTarget "Commander" */;
			buildPhases = (
				OBJ_112 /* Sources */,
				OBJ_122 /* Frameworks */,
			);
			buildRules = (
			);
			dependencies = (
				OBJ_124 /* PBXTargetDependency */,
			);
			name = Commander;
			productName = Commander;
			productReference = OBJ_88 /* Commander.framework */;
			productType = "com.apple.product-type.framework";
		};
		OBJ_125 /* Yaml */ = {
			isa = PBXNativeTarget;
			buildConfigurationList = OBJ_126 /* Build configuration list for PBXNativeTarget "Yaml" */;
			buildPhases = (
				OBJ_129 /* Sources */,
				OBJ_136 /* Frameworks */,
			);
			buildRules = (
			);
			dependencies = (
			);
			name = Yaml;
			productName = Yaml;
			productReference = OBJ_89 /* Yaml.framework */;
			productType = "com.apple.product-type.framework";
		};
		OBJ_137 /* PathKit */ = {
			isa = PBXNativeTarget;
			buildConfigurationList = OBJ_138 /* Build configuration list for PBXNativeTarget "PathKit" */;
			buildPhases = (
				OBJ_141 /* Sources */,
				OBJ_143 /* Frameworks */,
			);
			buildRules = (
			);
			dependencies = (
				OBJ_145 /* PBXTargetDependency */,
			);
			name = PathKit;
			productName = PathKit;
			productReference = OBJ_90 /* PathKit.framework */;
			productType = "com.apple.product-type.framework";
		};
		OBJ_146 /* RAML */ = {
			isa = PBXNativeTarget;
			buildConfigurationList = OBJ_147 /* Build configuration list for PBXNativeTarget "RAML" */;
			buildPhases = (
				OBJ_150 /* Sources */,
				OBJ_188 /* Frameworks */,
			);
			buildRules = (
			);
			dependencies = (
				OBJ_192 /* PBXTargetDependency */,
				OBJ_193 /* PBXTargetDependency */,
				OBJ_194 /* PBXTargetDependency */,
			);
			name = RAML;
			productName = RAML;
			productReference = OBJ_91 /* RAML.framework */;
			productType = "com.apple.product-type.framework";
		};
		OBJ_195 /* SwiftyTextTable */ = {
			isa = PBXNativeTarget;
			buildConfigurationList = OBJ_196 /* Build configuration list for PBXNativeTarget "SwiftyTextTable" */;
			buildPhases = (
				OBJ_199 /* Sources */,
				OBJ_201 /* Frameworks */,
			);
			buildRules = (
			);
			dependencies = (
			);
			name = SwiftyTextTable;
			productName = SwiftyTextTable;
			productReference = OBJ_92 /* SwiftyTextTable.framework */;
			productType = "com.apple.product-type.framework";
		};
		OBJ_202 /* RAML-Swift-CLI */ = {
			isa = PBXNativeTarget;
			buildConfigurationList = OBJ_203 /* Build configuration list for PBXNativeTarget "RAML-Swift-CLI" */;
			buildPhases = (
				OBJ_206 /* Sources */,
				OBJ_212 /* Frameworks */,
			);
			buildRules = (
			);
			dependencies = (
				OBJ_219 /* PBXTargetDependency */,
				OBJ_220 /* PBXTargetDependency */,
				OBJ_221 /* PBXTargetDependency */,
				OBJ_222 /* PBXTargetDependency */,
				OBJ_223 /* PBXTargetDependency */,
				OBJ_224 /* PBXTargetDependency */,
			);
			name = "RAML-Swift-CLI";
			productName = RAML_Swift_CLI;
			productReference = OBJ_93 /* RAML-Swift-CLI */;
			productType = "com.apple.product-type.tool";
		};
		OBJ_94 /* Spectre */ = {
			isa = PBXNativeTarget;
			buildConfigurationList = OBJ_95 /* Build configuration list for PBXNativeTarget "Spectre" */;
			buildPhases = (
				OBJ_98 /* Sources */,
				OBJ_107 /* Frameworks */,
			);
			buildRules = (
			);
			dependencies = (
			);
			name = Spectre;
			productName = Spectre;
			productReference = OBJ_87 /* Spectre.framework */;
			productType = "com.apple.product-type.framework";
		};
/* End PBXNativeTarget section */

/* Begin PBXProject section */
		OBJ_1 /* Project object */ = {
			isa = PBXProject;
			attributes = {
				LastUpgradeCheck = 9999;
			};
			buildConfigurationList = OBJ_2 /* Build configuration list for PBXProject "RAML-Swift-CLI" */;
			compatibilityVersion = "Xcode 3.2";
			developmentRegion = English;
			hasScannedForEncodings = 0;
			knownRegions = (
				en,
			);
			mainGroup = OBJ_5 /*  */;
			productRefGroup = OBJ_86 /* Products */;
			projectDirPath = "";
			projectRoot = "";
			targets = (
				OBJ_94 /* Spectre */,
				OBJ_108 /* Commander */,
				OBJ_125 /* Yaml */,
				OBJ_137 /* PathKit */,
				OBJ_146 /* RAML */,
				OBJ_195 /* SwiftyTextTable */,
				OBJ_202 /* RAML-Swift-CLI */,
			);
		};
/* End PBXProject section */

/* Begin PBXSourcesBuildPhase section */
		OBJ_112 /* Sources */ = {
			isa = PBXSourcesBuildPhase;
			buildActionMask = 0;
			files = (
				OBJ_113 /* ArgumentConvertible.swift in Sources */,
				OBJ_114 /* ArgumentDescription.swift in Sources */,
				OBJ_115 /* ArgumentParser.swift in Sources */,
				OBJ_116 /* Command.swift in Sources */,
				OBJ_117 /* CommandRunner.swift in Sources */,
				OBJ_118 /* Commands.swift in Sources */,
				OBJ_119 /* CommandType.swift in Sources */,
				OBJ_120 /* Error.swift in Sources */,
				OBJ_121 /* Group.swift in Sources */,
			);
			runOnlyForDeploymentPostprocessing = 0;
		};
		OBJ_129 /* Sources */ = {
			isa = PBXSourcesBuildPhase;
			buildActionMask = 0;
			files = (
				OBJ_130 /* Yaml.swift in Sources */,
				OBJ_131 /* YAMLOperators.swift in Sources */,
				OBJ_132 /* YAMLParser.swift in Sources */,
				OBJ_133 /* YAMLRegex.swift in Sources */,
				OBJ_134 /* YAMLResult.swift in Sources */,
				OBJ_135 /* YAMLTokenizer.swift in Sources */,
			);
			runOnlyForDeploymentPostprocessing = 0;
		};
		OBJ_141 /* Sources */ = {
			isa = PBXSourcesBuildPhase;
			buildActionMask = 0;
			files = (
				OBJ_142 /* PathKit.swift in Sources */,
			);
			runOnlyForDeploymentPostprocessing = 0;
		};
		OBJ_150 /* Sources */ = {
			isa = PBXSourcesBuildPhase;
			buildActionMask = 0;
			files = (
				OBJ_151 /* Annotation.swift in Sources */,
				OBJ_152 /* AnnotationType.swift in Sources */,
				OBJ_153 /* AnnotationTypeProperty.swift in Sources */,
				OBJ_154 /* BaseURI.swift in Sources */,
				OBJ_155 /* Body.swift in Sources */,
				OBJ_156 /* BodyMediaType.swift in Sources */,
				OBJ_157 /* CollectionExtensions.swift in Sources */,
				OBJ_158 /* DataType.swift in Sources */,
				OBJ_159 /* DocumentationEntry.swift in Sources */,
				OBJ_160 /* Example.swift in Sources */,
				OBJ_161 /* Header.swift in Sources */,
				OBJ_162 /* Library.swift in Sources */,
				OBJ_163 /* MediaType.swift in Sources */,
				OBJ_164 /* MethodResponse.swift in Sources */,
				OBJ_165 /* Property.swift in Sources */,
				OBJ_166 /* PropertyRestrictions.swift in Sources */,
				OBJ_167 /* Protocols.swift in Sources */,
				OBJ_168 /* QueryString.swift in Sources */,
				OBJ_169 /* RAML+Include.swift in Sources */,
				OBJ_170 /* RAML+LoadFromString.swift in Sources */,
				OBJ_171 /* RAML+Resources.swift in Sources */,
				OBJ_172 /* RAML.swift in Sources */,
				OBJ_173 /* RAMLError.swift in Sources */,
				OBJ_174 /* Resource.swift in Sources */,
				OBJ_175 /* ResourceMethod.swift in Sources */,
				OBJ_176 /* ResourceType.swift in Sources */,
				OBJ_177 /* ResourceTypeUsage.swift in Sources */,
				OBJ_178 /* SecurityScheme.swift in Sources */,
				OBJ_179 /* SecuritySchemeDescription.swift in Sources */,
				OBJ_180 /* SecuritySchemeSettings.swift in Sources */,
				OBJ_181 /* SecuritySchemeUsage.swift in Sources */,
				OBJ_182 /* StringEnum.swift in Sources */,
				OBJ_183 /* TraitDefiniton.swift in Sources */,
				OBJ_184 /* TraitUsage.swift in Sources */,
				OBJ_185 /* Type.swift in Sources */,
				OBJ_186 /* URIParameter.swift in Sources */,
				OBJ_187 /* YamlExtenstions.swift in Sources */,
			);
			runOnlyForDeploymentPostprocessing = 0;
		};
		OBJ_199 /* Sources */ = {
			isa = PBXSourcesBuildPhase;
			buildActionMask = 0;
			files = (
				OBJ_200 /* TextTable.swift in Sources */,
			);
			runOnlyForDeploymentPostprocessing = 0;
		};
		OBJ_206 /* Sources */ = {
			isa = PBXSourcesBuildPhase;
			buildActionMask = 0;
			files = (
				OBJ_207 /* CommandGroup.swift in Sources */,
				593B3DCA1F276991006CA256 /* CollectionExtensions.swift in Sources */,
				OBJ_208 /* FileFinder.swift in Sources */,
				OBJ_209 /* main.swift in Sources */,
				OBJ_210 /* PrintRoutes.swift in Sources */,
				OBJ_211 /* PrintTypes.swift in Sources */,
			);
			runOnlyForDeploymentPostprocessing = 0;
		};
		OBJ_98 /* Sources */ = {
			isa = PBXSourcesBuildPhase;
			buildActionMask = 0;
			files = (
				OBJ_99 /* Case.swift in Sources */,
				OBJ_100 /* Context.swift in Sources */,
				OBJ_101 /* Expectation.swift in Sources */,
				OBJ_102 /* Failure.swift in Sources */,
				OBJ_103 /* Global.swift in Sources */,
				OBJ_104 /* GlobalContext.swift in Sources */,
				OBJ_105 /* Reporter.swift in Sources */,
				OBJ_106 /* Reporters.swift in Sources */,
			);
			runOnlyForDeploymentPostprocessing = 0;
		};
/* End PBXSourcesBuildPhase section */

/* Begin PBXTargetDependency section */
		OBJ_124 /* PBXTargetDependency */ = {
			isa = PBXTargetDependency;
			target = OBJ_94 /* Spectre */;
			targetProxy = 593B3DBE1F274E8B006CA256 /* PBXContainerItemProxy */;
		};
		OBJ_145 /* PBXTargetDependency */ = {
			isa = PBXTargetDependency;
			target = OBJ_94 /* Spectre */;
			targetProxy = 593B3DBF1F274E8B006CA256 /* PBXContainerItemProxy */;
		};
		OBJ_192 /* PBXTargetDependency */ = {
			isa = PBXTargetDependency;
			target = OBJ_125 /* Yaml */;
			targetProxy = 593B3DC01F274E8B006CA256 /* PBXContainerItemProxy */;
		};
		OBJ_193 /* PBXTargetDependency */ = {
			isa = PBXTargetDependency;
			target = OBJ_94 /* Spectre */;
			targetProxy = 593B3DC11F274E8B006CA256 /* PBXContainerItemProxy */;
		};
		OBJ_194 /* PBXTargetDependency */ = {
			isa = PBXTargetDependency;
			target = OBJ_137 /* PathKit */;
			targetProxy = 593B3DC21F274E8B006CA256 /* PBXContainerItemProxy */;
		};
		OBJ_219 /* PBXTargetDependency */ = {
			isa = PBXTargetDependency;
			target = OBJ_94 /* Spectre */;
			targetProxy = 593B3DC31F274E8B006CA256 /* PBXContainerItemProxy */;
		};
		OBJ_220 /* PBXTargetDependency */ = {
			isa = PBXTargetDependency;
			target = OBJ_108 /* Commander */;
			targetProxy = 593B3DC41F274E8B006CA256 /* PBXContainerItemProxy */;
		};
		OBJ_221 /* PBXTargetDependency */ = {
			isa = PBXTargetDependency;
			target = OBJ_125 /* Yaml */;
			targetProxy = 593B3DC51F274E8B006CA256 /* PBXContainerItemProxy */;
		};
		OBJ_222 /* PBXTargetDependency */ = {
			isa = PBXTargetDependency;
			target = OBJ_137 /* PathKit */;
			targetProxy = 593B3DC61F274E8B006CA256 /* PBXContainerItemProxy */;
		};
		OBJ_223 /* PBXTargetDependency */ = {
			isa = PBXTargetDependency;
			target = OBJ_146 /* RAML */;
			targetProxy = 593B3DC71F274E8B006CA256 /* PBXContainerItemProxy */;
		};
		OBJ_224 /* PBXTargetDependency */ = {
			isa = PBXTargetDependency;
			target = OBJ_195 /* SwiftyTextTable */;
			targetProxy = 593B3DC81F274E8B006CA256 /* PBXContainerItemProxy */;
		};
/* End PBXTargetDependency section */

/* Begin XCBuildConfiguration section */
		OBJ_110 /* Debug */ = {
			isa = XCBuildConfiguration;
			buildSettings = {
				ENABLE_TESTABILITY = YES;
				FRAMEWORK_SEARCH_PATHS = (
					"$(inherited)",
					"$(PLATFORM_DIR)/Developer/Library/Frameworks",
				);
				HEADER_SEARCH_PATHS = "$(inherited)";
				INFOPLIST_FILE = "RAML-Swift-CLI.xcodeproj/Commander_Info.plist";
				LD_RUNPATH_SEARCH_PATHS = "$(TOOLCHAIN_DIR)/usr/lib/swift/macosx";
				OTHER_LDFLAGS = "$(inherited)";
				OTHER_SWIFT_FLAGS = "$(inherited)";
				PRODUCT_BUNDLE_IDENTIFIER = Commander;
				PRODUCT_MODULE_NAME = "$(TARGET_NAME:c99extidentifier)";
				PRODUCT_NAME = "$(TARGET_NAME:c99extidentifier)";
				SKIP_INSTALL = YES;
				TARGET_NAME = Commander;
			};
			name = Debug;
		};
		OBJ_111 /* Release */ = {
			isa = XCBuildConfiguration;
			buildSettings = {
				ENABLE_TESTABILITY = YES;
				FRAMEWORK_SEARCH_PATHS = (
					"$(inherited)",
					"$(PLATFORM_DIR)/Developer/Library/Frameworks",
				);
				HEADER_SEARCH_PATHS = "$(inherited)";
				INFOPLIST_FILE = "RAML-Swift-CLI.xcodeproj/Commander_Info.plist";
				LD_RUNPATH_SEARCH_PATHS = "$(TOOLCHAIN_DIR)/usr/lib/swift/macosx";
				OTHER_LDFLAGS = "$(inherited)";
				OTHER_SWIFT_FLAGS = "$(inherited)";
				PRODUCT_BUNDLE_IDENTIFIER = Commander;
				PRODUCT_MODULE_NAME = "$(TARGET_NAME:c99extidentifier)";
				PRODUCT_NAME = "$(TARGET_NAME:c99extidentifier)";
				SKIP_INSTALL = YES;
				TARGET_NAME = Commander;
			};
			name = Release;
		};
		OBJ_127 /* Debug */ = {
			isa = XCBuildConfiguration;
			buildSettings = {
				ENABLE_TESTABILITY = YES;
				FRAMEWORK_SEARCH_PATHS = (
					"$(inherited)",
					"$(PLATFORM_DIR)/Developer/Library/Frameworks",
				);
				HEADER_SEARCH_PATHS = "$(inherited)";
				INFOPLIST_FILE = "RAML-Swift-CLI.xcodeproj/Yaml_Info.plist";
				LD_RUNPATH_SEARCH_PATHS = "$(TOOLCHAIN_DIR)/usr/lib/swift/macosx";
				OTHER_LDFLAGS = "$(inherited)";
				OTHER_SWIFT_FLAGS = "$(inherited)";
				PRODUCT_BUNDLE_IDENTIFIER = Yaml;
				PRODUCT_MODULE_NAME = "$(TARGET_NAME:c99extidentifier)";
				PRODUCT_NAME = "$(TARGET_NAME:c99extidentifier)";
				SKIP_INSTALL = YES;
				TARGET_NAME = Yaml;
			};
			name = Debug;
		};
		OBJ_128 /* Release */ = {
			isa = XCBuildConfiguration;
			buildSettings = {
				ENABLE_TESTABILITY = YES;
				FRAMEWORK_SEARCH_PATHS = (
					"$(inherited)",
					"$(PLATFORM_DIR)/Developer/Library/Frameworks",
				);
				HEADER_SEARCH_PATHS = "$(inherited)";
				INFOPLIST_FILE = "RAML-Swift-CLI.xcodeproj/Yaml_Info.plist";
				LD_RUNPATH_SEARCH_PATHS = "$(TOOLCHAIN_DIR)/usr/lib/swift/macosx";
				OTHER_LDFLAGS = "$(inherited)";
				OTHER_SWIFT_FLAGS = "$(inherited)";
				PRODUCT_BUNDLE_IDENTIFIER = Yaml;
				PRODUCT_MODULE_NAME = "$(TARGET_NAME:c99extidentifier)";
				PRODUCT_NAME = "$(TARGET_NAME:c99extidentifier)";
				SKIP_INSTALL = YES;
				TARGET_NAME = Yaml;
			};
			name = Release;
		};
		OBJ_139 /* Debug */ = {
			isa = XCBuildConfiguration;
			buildSettings = {
				ENABLE_TESTABILITY = YES;
				FRAMEWORK_SEARCH_PATHS = (
					"$(inherited)",
					"$(PLATFORM_DIR)/Developer/Library/Frameworks",
				);
				HEADER_SEARCH_PATHS = "$(inherited)";
				INFOPLIST_FILE = "RAML-Swift-CLI.xcodeproj/PathKit_Info.plist";
				LD_RUNPATH_SEARCH_PATHS = "$(TOOLCHAIN_DIR)/usr/lib/swift/macosx";
				OTHER_LDFLAGS = "$(inherited)";
				OTHER_SWIFT_FLAGS = "$(inherited)";
				PRODUCT_BUNDLE_IDENTIFIER = PathKit;
				PRODUCT_MODULE_NAME = "$(TARGET_NAME:c99extidentifier)";
				PRODUCT_NAME = "$(TARGET_NAME:c99extidentifier)";
				SKIP_INSTALL = YES;
				TARGET_NAME = PathKit;
			};
			name = Debug;
		};
		OBJ_140 /* Release */ = {
			isa = XCBuildConfiguration;
			buildSettings = {
				ENABLE_TESTABILITY = YES;
				FRAMEWORK_SEARCH_PATHS = (
					"$(inherited)",
					"$(PLATFORM_DIR)/Developer/Library/Frameworks",
				);
				HEADER_SEARCH_PATHS = "$(inherited)";
				INFOPLIST_FILE = "RAML-Swift-CLI.xcodeproj/PathKit_Info.plist";
				LD_RUNPATH_SEARCH_PATHS = "$(TOOLCHAIN_DIR)/usr/lib/swift/macosx";
				OTHER_LDFLAGS = "$(inherited)";
				OTHER_SWIFT_FLAGS = "$(inherited)";
				PRODUCT_BUNDLE_IDENTIFIER = PathKit;
				PRODUCT_MODULE_NAME = "$(TARGET_NAME:c99extidentifier)";
				PRODUCT_NAME = "$(TARGET_NAME:c99extidentifier)";
				SKIP_INSTALL = YES;
				TARGET_NAME = PathKit;
			};
			name = Release;
		};
		OBJ_148 /* Debug */ = {
			isa = XCBuildConfiguration;
			buildSettings = {
				ENABLE_TESTABILITY = YES;
				FRAMEWORK_SEARCH_PATHS = (
					"$(inherited)",
					"$(PLATFORM_DIR)/Developer/Library/Frameworks",
				);
				HEADER_SEARCH_PATHS = "$(inherited)";
				INFOPLIST_FILE = "RAML-Swift-CLI.xcodeproj/RAML_Info.plist";
				LD_RUNPATH_SEARCH_PATHS = "$(TOOLCHAIN_DIR)/usr/lib/swift/macosx";
				OTHER_LDFLAGS = "$(inherited)";
				OTHER_SWIFT_FLAGS = "$(inherited)";
				PRODUCT_BUNDLE_IDENTIFIER = RAML;
				PRODUCT_MODULE_NAME = "$(TARGET_NAME:c99extidentifier)";
				PRODUCT_NAME = "$(TARGET_NAME:c99extidentifier)";
				SKIP_INSTALL = YES;
				TARGET_NAME = RAML;
			};
			name = Debug;
		};
		OBJ_149 /* Release */ = {
			isa = XCBuildConfiguration;
			buildSettings = {
				ENABLE_TESTABILITY = YES;
				FRAMEWORK_SEARCH_PATHS = (
					"$(inherited)",
					"$(PLATFORM_DIR)/Developer/Library/Frameworks",
				);
				HEADER_SEARCH_PATHS = "$(inherited)";
				INFOPLIST_FILE = "RAML-Swift-CLI.xcodeproj/RAML_Info.plist";
				LD_RUNPATH_SEARCH_PATHS = "$(TOOLCHAIN_DIR)/usr/lib/swift/macosx";
				OTHER_LDFLAGS = "$(inherited)";
				OTHER_SWIFT_FLAGS = "$(inherited)";
				PRODUCT_BUNDLE_IDENTIFIER = RAML;
				PRODUCT_MODULE_NAME = "$(TARGET_NAME:c99extidentifier)";
				PRODUCT_NAME = "$(TARGET_NAME:c99extidentifier)";
				SKIP_INSTALL = YES;
				TARGET_NAME = RAML;
			};
			name = Release;
		};
		OBJ_197 /* Debug */ = {
			isa = XCBuildConfiguration;
			buildSettings = {
				ENABLE_TESTABILITY = YES;
				FRAMEWORK_SEARCH_PATHS = (
					"$(inherited)",
					"$(PLATFORM_DIR)/Developer/Library/Frameworks",
				);
				HEADER_SEARCH_PATHS = "$(inherited)";
				INFOPLIST_FILE = "RAML-Swift-CLI.xcodeproj/SwiftyTextTable_Info.plist";
				LD_RUNPATH_SEARCH_PATHS = "$(TOOLCHAIN_DIR)/usr/lib/swift/macosx";
				OTHER_LDFLAGS = "$(inherited)";
				OTHER_SWIFT_FLAGS = "$(inherited)";
				PRODUCT_BUNDLE_IDENTIFIER = SwiftyTextTable;
				PRODUCT_MODULE_NAME = "$(TARGET_NAME:c99extidentifier)";
				PRODUCT_NAME = "$(TARGET_NAME:c99extidentifier)";
				SKIP_INSTALL = YES;
				TARGET_NAME = SwiftyTextTable;
			};
			name = Debug;
		};
		OBJ_198 /* Release */ = {
			isa = XCBuildConfiguration;
			buildSettings = {
				ENABLE_TESTABILITY = YES;
				FRAMEWORK_SEARCH_PATHS = (
					"$(inherited)",
					"$(PLATFORM_DIR)/Developer/Library/Frameworks",
				);
				HEADER_SEARCH_PATHS = "$(inherited)";
				INFOPLIST_FILE = "RAML-Swift-CLI.xcodeproj/SwiftyTextTable_Info.plist";
				LD_RUNPATH_SEARCH_PATHS = "$(TOOLCHAIN_DIR)/usr/lib/swift/macosx";
				OTHER_LDFLAGS = "$(inherited)";
				OTHER_SWIFT_FLAGS = "$(inherited)";
				PRODUCT_BUNDLE_IDENTIFIER = SwiftyTextTable;
				PRODUCT_MODULE_NAME = "$(TARGET_NAME:c99extidentifier)";
				PRODUCT_NAME = "$(TARGET_NAME:c99extidentifier)";
				SKIP_INSTALL = YES;
				TARGET_NAME = SwiftyTextTable;
			};
			name = Release;
		};
		OBJ_204 /* Debug */ = {
			isa = XCBuildConfiguration;
			buildSettings = {
				FRAMEWORK_SEARCH_PATHS = (
					"$(inherited)",
					"$(PLATFORM_DIR)/Developer/Library/Frameworks",
				);
				HEADER_SEARCH_PATHS = "$(inherited)";
				INFOPLIST_FILE = "RAML-Swift-CLI.xcodeproj/RAML_Swift_CLI_Info.plist";
				LD_RUNPATH_SEARCH_PATHS = "$(TOOLCHAIN_DIR)/usr/lib/swift/macosx @executable_path";
				OTHER_LDFLAGS = "$(inherited)";
				OTHER_SWIFT_FLAGS = "$(inherited)";
				SWIFT_FORCE_DYNAMIC_LINK_STDLIB = YES;
				SWIFT_FORCE_STATIC_LINK_STDLIB = NO;
				TARGET_NAME = "RAML-Swift-CLI";
			};
			name = Debug;
		};
		OBJ_205 /* Release */ = {
			isa = XCBuildConfiguration;
			buildSettings = {
				FRAMEWORK_SEARCH_PATHS = (
					"$(inherited)",
					"$(PLATFORM_DIR)/Developer/Library/Frameworks",
				);
				HEADER_SEARCH_PATHS = "$(inherited)";
				INFOPLIST_FILE = "RAML-Swift-CLI.xcodeproj/RAML_Swift_CLI_Info.plist";
				LD_RUNPATH_SEARCH_PATHS = "$(TOOLCHAIN_DIR)/usr/lib/swift/macosx @executable_path";
				OTHER_LDFLAGS = "$(inherited)";
				OTHER_SWIFT_FLAGS = "$(inherited)";
				SWIFT_FORCE_DYNAMIC_LINK_STDLIB = YES;
				SWIFT_FORCE_STATIC_LINK_STDLIB = NO;
				TARGET_NAME = "RAML-Swift-CLI";
			};
			name = Release;
		};
		OBJ_3 /* Debug */ = {
			isa = XCBuildConfiguration;
			buildSettings = {
				CLANG_ENABLE_OBJC_ARC = YES;
				COMBINE_HIDPI_IMAGES = YES;
				COPY_PHASE_STRIP = NO;
				DEBUG_INFORMATION_FORMAT = dwarf;
				DYLIB_INSTALL_NAME_BASE = "@rpath";
				ENABLE_NS_ASSERTIONS = YES;
				GCC_OPTIMIZATION_LEVEL = 0;
				MACOSX_DEPLOYMENT_TARGET = 10.10;
				ONLY_ACTIVE_ARCH = YES;
				OTHER_SWIFT_FLAGS = "-DXcode";
				PRODUCT_NAME = "$(TARGET_NAME)";
				SDKROOT = macosx;
				SUPPORTED_PLATFORMS = "macosx iphoneos iphonesimulator appletvos appletvsimulator watchos watchsimulator";
				SWIFT_ACTIVE_COMPILATION_CONDITIONS = SWIFT_PACKAGE;
				SWIFT_OPTIMIZATION_LEVEL = "-Onone";
				SWIFT_VERSION = 3.0;
				USE_HEADERMAP = NO;
			};
			name = Debug;
		};
		OBJ_4 /* Release */ = {
			isa = XCBuildConfiguration;
			buildSettings = {
				CLANG_ENABLE_OBJC_ARC = YES;
				COMBINE_HIDPI_IMAGES = YES;
				COPY_PHASE_STRIP = YES;
				DEBUG_INFORMATION_FORMAT = "dwarf-with-dsym";
				DYLIB_INSTALL_NAME_BASE = "@rpath";
				GCC_OPTIMIZATION_LEVEL = s;
				MACOSX_DEPLOYMENT_TARGET = 10.10;
				OTHER_SWIFT_FLAGS = "-DXcode";
				PRODUCT_NAME = "$(TARGET_NAME)";
				SDKROOT = macosx;
				SUPPORTED_PLATFORMS = "macosx iphoneos iphonesimulator appletvos appletvsimulator watchos watchsimulator";
				SWIFT_ACTIVE_COMPILATION_CONDITIONS = SWIFT_PACKAGE;
				SWIFT_OPTIMIZATION_LEVEL = "-Owholemodule";
				SWIFT_VERSION = 3.0;
				USE_HEADERMAP = NO;
			};
			name = Release;
		};
		OBJ_96 /* Debug */ = {
			isa = XCBuildConfiguration;
			buildSettings = {
				ENABLE_TESTABILITY = YES;
				FRAMEWORK_SEARCH_PATHS = (
					"$(inherited)",
					"$(PLATFORM_DIR)/Developer/Library/Frameworks",
				);
				HEADER_SEARCH_PATHS = "$(inherited)";
				INFOPLIST_FILE = "RAML-Swift-CLI.xcodeproj/Spectre_Info.plist";
				LD_RUNPATH_SEARCH_PATHS = "$(TOOLCHAIN_DIR)/usr/lib/swift/macosx";
				OTHER_LDFLAGS = "$(inherited)";
				OTHER_SWIFT_FLAGS = "$(inherited)";
				PRODUCT_BUNDLE_IDENTIFIER = Spectre;
				PRODUCT_MODULE_NAME = "$(TARGET_NAME:c99extidentifier)";
				PRODUCT_NAME = "$(TARGET_NAME:c99extidentifier)";
				SKIP_INSTALL = YES;
				TARGET_NAME = Spectre;
			};
			name = Debug;
		};
		OBJ_97 /* Release */ = {
			isa = XCBuildConfiguration;
			buildSettings = {
				ENABLE_TESTABILITY = YES;
				FRAMEWORK_SEARCH_PATHS = (
					"$(inherited)",
					"$(PLATFORM_DIR)/Developer/Library/Frameworks",
				);
				HEADER_SEARCH_PATHS = "$(inherited)";
				INFOPLIST_FILE = "RAML-Swift-CLI.xcodeproj/Spectre_Info.plist";
				LD_RUNPATH_SEARCH_PATHS = "$(TOOLCHAIN_DIR)/usr/lib/swift/macosx";
				OTHER_LDFLAGS = "$(inherited)";
				OTHER_SWIFT_FLAGS = "$(inherited)";
				PRODUCT_BUNDLE_IDENTIFIER = Spectre;
				PRODUCT_MODULE_NAME = "$(TARGET_NAME:c99extidentifier)";
				PRODUCT_NAME = "$(TARGET_NAME:c99extidentifier)";
				SKIP_INSTALL = YES;
				TARGET_NAME = Spectre;
			};
			name = Release;
		};
/* End XCBuildConfiguration section */

/* Begin XCConfigurationList section */
		OBJ_109 /* Build configuration list for PBXNativeTarget "Commander" */ = {
			isa = XCConfigurationList;
			buildConfigurations = (
				OBJ_110 /* Debug */,
				OBJ_111 /* Release */,
			);
			defaultConfigurationIsVisible = 0;
			defaultConfigurationName = Debug;
		};
		OBJ_126 /* Build configuration list for PBXNativeTarget "Yaml" */ = {
			isa = XCConfigurationList;
			buildConfigurations = (
				OBJ_127 /* Debug */,
				OBJ_128 /* Release */,
			);
			defaultConfigurationIsVisible = 0;
			defaultConfigurationName = Debug;
		};
		OBJ_138 /* Build configuration list for PBXNativeTarget "PathKit" */ = {
			isa = XCConfigurationList;
			buildConfigurations = (
				OBJ_139 /* Debug */,
				OBJ_140 /* Release */,
			);
			defaultConfigurationIsVisible = 0;
			defaultConfigurationName = Debug;
		};
		OBJ_147 /* Build configuration list for PBXNativeTarget "RAML" */ = {
			isa = XCConfigurationList;
			buildConfigurations = (
				OBJ_148 /* Debug */,
				OBJ_149 /* Release */,
			);
			defaultConfigurationIsVisible = 0;
			defaultConfigurationName = Debug;
		};
		OBJ_196 /* Build configuration list for PBXNativeTarget "SwiftyTextTable" */ = {
			isa = XCConfigurationList;
			buildConfigurations = (
				OBJ_197 /* Debug */,
				OBJ_198 /* Release */,
			);
			defaultConfigurationIsVisible = 0;
			defaultConfigurationName = Debug;
		};
		OBJ_2 /* Build configuration list for PBXProject "RAML-Swift-CLI" */ = {
			isa = XCConfigurationList;
			buildConfigurations = (
				OBJ_3 /* Debug */,
				OBJ_4 /* Release */,
			);
			defaultConfigurationIsVisible = 0;
			defaultConfigurationName = Debug;
		};
		OBJ_203 /* Build configuration list for PBXNativeTarget "RAML-Swift-CLI" */ = {
			isa = XCConfigurationList;
			buildConfigurations = (
				OBJ_204 /* Debug */,
				OBJ_205 /* Release */,
			);
			defaultConfigurationIsVisible = 0;
			defaultConfigurationName = Debug;
		};
		OBJ_95 /* Build configuration list for PBXNativeTarget "Spectre" */ = {
			isa = XCConfigurationList;
			buildConfigurations = (
				OBJ_96 /* Debug */,
				OBJ_97 /* Release */,
			);
			defaultConfigurationIsVisible = 0;
			defaultConfigurationName = Debug;
		};
/* End XCConfigurationList section */
	};
	rootObject = OBJ_1 /* Project object */;
}
